// !$*UTF8*$!
{
	archiveVersion = 1;
	classes = {
	};
	objectVersion = 70;
	objects = {

/* Begin PBXBuildFile section */
		4776BF6F2F414DE100D58C1B /* MenuBarExtraAccess in Frameworks */ = {isa = PBXBuildFile; productRef = C2000001 /* MenuBarExtraAccess */; };
		4776BF732F41893E00D58C1B /* APIKeyStorage.swift in Sources */ = {isa = PBXBuildFile; fileRef = 4776BF702F41893E00D58C1B /* APIKeyStorage.swift */; };
		4776BF742F41893E00D58C1B /* StorageService.swift in Sources */ = {isa = PBXBuildFile; fileRef = 4776BF722F41893E00D58C1B /* StorageService.swift */; };
		4776BF752F41893E00D58C1B /* ConfigFileService.swift in Sources */ = {isa = PBXBuildFile; fileRef = 4776BF712F41893E00D58C1B /* ConfigFileService.swift */; };
		A1000001 /* ZaiUsageTrackerApp.swift in Sources */ = {isa = PBXBuildFile; fileRef = A2000001 /* ZaiUsageTrackerApp.swift */; };
		A1000002 /* QuotaLimit.swift in Sources */ = {isa = PBXBuildFile; fileRef = A2000002 /* QuotaLimit.swift */; };
		A1000003 /* ModelUsage.swift in Sources */ = {isa = PBXBuildFile; fileRef = A2000003 /* ModelUsage.swift */; };
		A1000004 /* ToolUsage.swift in Sources */ = {isa = PBXBuildFile; fileRef = A2000004 /* ToolUsage.swift */; };
		A1000005 /* UsageData.swift in Sources */ = {isa = PBXBuildFile; fileRef = A2000005 /* UsageData.swift */; };
		A1000006 /* ZaiAPIClient.swift in Sources */ = {isa = PBXBuildFile; fileRef = A2000006 /* ZaiAPIClient.swift */; };
		A1000007 /* ZaiAPIClient+Fetch.swift in Sources */ = {isa = PBXBuildFile; fileRef = A2000007 /* ZaiAPIClient+Fetch.swift */; };
		A1000008 /* KeychainService.swift in Sources */ = {isa = PBXBuildFile; fileRef = A2000008 /* KeychainService.swift */; };
		A1000009 /* UsageService.swift in Sources */ = {isa = PBXBuildFile; fileRef = A2000009 /* UsageService.swift */; };
		A100000A /* UsageViewModel.swift in Sources */ = {isa = PBXBuildFile; fileRef = A200000A /* UsageViewModel.swift */; };
		A100000B /* PopoverView.swift in Sources */ = {isa = PBXBuildFile; fileRef = A200000B /* PopoverView.swift */; };
		A100000C /* SettingsView.swift in Sources */ = {isa = PBXBuildFile; fileRef = A200000C /* SettingsView.swift */; };
		A100000D /* UsageRowView.swift in Sources */ = {isa = PBXBuildFile; fileRef = A200000D /* UsageRowView.swift */; };
		A100000E /* Constants.swift in Sources */ = {isa = PBXBuildFile; fileRef = A200000E /* Constants.swift */; };
		A100000F /* DateHelper.swift in Sources */ = {isa = PBXBuildFile; fileRef = A200000F /* DateHelper.swift */; };
		A1000010 /* SettingsWindowController.swift in Sources */ = {isa = PBXBuildFile; fileRef = A2000010 /* SettingsWindowController.swift */; };
/* End PBXBuildFile section */

/* Begin PBXContainerItemProxy section */
		4790C69D2F45945C0010F02E /* PBXContainerItemProxy */ = {
			isa = PBXContainerItemProxy;
			containerPortal = A9000001 /* Project object */;
			proxyType = 1;
			remoteGlobalIDString = A6000001;
			remoteInfo = ZaiUsageTracker;
		};
/* End PBXContainerItemProxy section */

/* Begin PBXFileReference section */
		4776BF702F41893E00D58C1B /* APIKeyStorage.swift */ = {isa = PBXFileReference; lastKnownFileType = sourcecode.swift; path = APIKeyStorage.swift; sourceTree = "<group>"; };
		4776BF712F41893E00D58C1B /* ConfigFileService.swift */ = {isa = PBXFileReference; lastKnownFileType = sourcecode.swift; path = ConfigFileService.swift; sourceTree = "<group>"; };
		4776BF722F41893E00D58C1B /* StorageService.swift */ = {isa = PBXFileReference; lastKnownFileType = sourcecode.swift; path = StorageService.swift; sourceTree = "<group>"; };
		4790C6972F45945C0010F02E /* ZaiUsageTrackerUITests.xctest */ = {isa = PBXFileReference; explicitFileType = wrapper.cfbundle; includeInIndex = 0; path = ZaiUsageTrackerUITests.xctest; sourceTree = BUILT_PRODUCTS_DIR; };
		4790C6A22F4681910010F02E /* Assets.xcassets */ = {isa = PBXFileReference; lastKnownFileType = folder.assetcatalog; path = Assets.xcassets; sourceTree = "<group>"; };
		A2000001 /* ZaiUsageTrackerApp.swift */ = {isa = PBXFileReference; lastKnownFileType = sourcecode.swift; path = ZaiUsageTrackerApp.swift; sourceTree = "<group>"; };
		A2000002 /* QuotaLimit.swift */ = {isa = PBXFileReference; lastKnownFileType = sourcecode.swift; path = QuotaLimit.swift; sourceTree = "<group>"; };
		A2000003 /* ModelUsage.swift */ = {isa = PBXFileReference; lastKnownFileType = sourcecode.swift; path = ModelUsage.swift; sourceTree = "<group>"; };
		A2000004 /* ToolUsage.swift */ = {isa = PBXFileReference; lastKnownFileType = sourcecode.swift; path = ToolUsage.swift; sourceTree = "<group>"; };
		A2000005 /* UsageData.swift */ = {isa = PBXFileReference; lastKnownFileType = sourcecode.swift; path = UsageData.swift; sourceTree = "<group>"; };
		A2000006 /* ZaiAPIClient.swift */ = {isa = PBXFileReference; lastKnownFileType = sourcecode.swift; path = ZaiAPIClient.swift; sourceTree = "<group>"; };
		A2000007 /* ZaiAPIClient+Fetch.swift */ = {isa = PBXFileReference; lastKnownFileType = sourcecode.swift; path = "ZaiAPIClient+Fetch.swift"; sourceTree = "<group>"; };
		A2000008 /* KeychainService.swift */ = {isa = PBXFileReference; lastKnownFileType = sourcecode.swift; path = KeychainService.swift; sourceTree = "<group>"; };
		A2000009 /* UsageService.swift */ = {isa = PBXFileReference; lastKnownFileType = sourcecode.swift; path = UsageService.swift; sourceTree = "<group>"; };
		A200000A /* UsageViewModel.swift */ = {isa = PBXFileReference; lastKnownFileType = sourcecode.swift; path = UsageViewModel.swift; sourceTree = "<group>"; };
		A200000B /* PopoverView.swift */ = {isa = PBXFileReference; lastKnownFileType = sourcecode.swift; path = PopoverView.swift; sourceTree = "<group>"; };
		A200000C /* SettingsView.swift */ = {isa = PBXFileReference; lastKnownFileType = sourcecode.swift; path = SettingsView.swift; sourceTree = "<group>"; };
		A200000D /* UsageRowView.swift */ = {isa = PBXFileReference; lastKnownFileType = sourcecode.swift; path = UsageRowView.swift; sourceTree = "<group>"; };
		A200000E /* Constants.swift */ = {isa = PBXFileReference; lastKnownFileType = sourcecode.swift; path = Constants.swift; sourceTree = "<group>"; };
		A200000F /* DateHelper.swift */ = {isa = PBXFileReference; lastKnownFileType = sourcecode.swift; path = DateHelper.swift; sourceTree = "<group>"; };
		A2000010 /* SettingsWindowController.swift */ = {isa = PBXFileReference; lastKnownFileType = sourcecode.swift; path = SettingsWindowController.swift; sourceTree = "<group>"; };
		A2000011 /* Info.plist */ = {isa = PBXFileReference; lastKnownFileType = text.plist.xml; path = Info.plist; sourceTree = "<group>"; };
		A3000001 /* ZaiUsageTracker.app */ = {isa = PBXFileReference; explicitFileType = wrapper.application; includeInIndex = 0; path = ZaiUsageTracker.app; sourceTree = BUILT_PRODUCTS_DIR; };
/* End PBXFileReference section */

/* Begin PBXFileSystemSynchronizedRootGroup section */
		4790C6982F45945C0010F02E /* ZaiUsageTrackerUITests */ = {isa = PBXFileSystemSynchronizedRootGroup; explicitFileTypes = {}; explicitFolders = (); path = ZaiUsageTrackerUITests; sourceTree = "<group>"; };
/* End PBXFileSystemSynchronizedRootGroup section */

/* Begin PBXFrameworksBuildPhase section */
		4790C6942F45945C0010F02E /* Frameworks */ = {
			isa = PBXFrameworksBuildPhase;
			buildActionMask = 2147483647;
			files = (
			);
			runOnlyForDeploymentPostprocessing = 0;
		};
		A4000001 /* Frameworks */ = {
			isa = PBXFrameworksBuildPhase;
			buildActionMask = 2147483647;
			files = (
				4776BF6F2F414DE100D58C1B /* MenuBarExtraAccess in Frameworks */,
			);
			runOnlyForDeploymentPostprocessing = 0;
		};
/* End PBXFrameworksBuildPhase section */

/* Begin PBXGroup section */
		4790C6A32F4681910010F02E /* Resources */ = {
			isa = PBXGroup;
			children = (
				4790C6A22F4681910010F02E /* Assets.xcassets */,
			);
			path = Resources;
			sourceTree = "<group>";
		};
		A5000001 = {
			isa = PBXGroup;
			children = (
				A5000002 /* ZaiUsageTracker */,
				4790C6982F45945C0010F02E /* ZaiUsageTrackerUITests */,
				A5000003 /* Products */,
			);
			sourceTree = "<group>";
		};
		A5000002 /* ZaiUsageTracker */ = {
			isa = PBXGroup;
			children = (
				4790C6A32F4681910010F02E /* Resources */,
				A2000001 /* ZaiUsageTrackerApp.swift */,
				A5000004 /* Models */,
				A5000005 /* Services */,
				A5000006 /* ViewModels */,
				A5000007 /* Views */,
				A5000008 /* Utilities */,
				A2000011 /* Info.plist */,
			);
			path = ZaiUsageTracker;
			sourceTree = "<group>";
		};
		A5000003 /* Products */ = {
			isa = PBXGroup;
			children = (
				A3000001 /* ZaiUsageTracker.app */,
				4790C6972F45945C0010F02E /* ZaiUsageTrackerUITests.xctest */,
			);
			name = Products;
			sourceTree = "<group>";
		};
		A5000004 /* Models */ = {
			isa = PBXGroup;
			children = (
				A2000002 /* QuotaLimit.swift */,
				A2000003 /* ModelUsage.swift */,
				A2000004 /* ToolUsage.swift */,
				A2000005 /* UsageData.swift */,
			);
			path = Models;
			sourceTree = "<group>";
		};
		A5000005 /* Services */ = {
			isa = PBXGroup;
			children = (
				4776BF702F41893E00D58C1B /* APIKeyStorage.swift */,
				4776BF712F41893E00D58C1B /* ConfigFileService.swift */,
				4776BF722F41893E00D58C1B /* StorageService.swift */,
				A2000006 /* ZaiAPIClient.swift */,
				A2000007 /* ZaiAPIClient+Fetch.swift */,
				A2000008 /* KeychainService.swift */,
				A2000009 /* UsageService.swift */,
			);
			path = Services;
			sourceTree = "<group>";
		};
		A5000006 /* ViewModels */ = {
			isa = PBXGroup;
			children = (
				A200000A /* UsageViewModel.swift */,
			);
			path = ViewModels;
			sourceTree = "<group>";
		};
		A5000007 /* Views */ = {
			isa = PBXGroup;
			children = (
				A200000B /* PopoverView.swift */,
				A200000C /* SettingsView.swift */,
				A200000D /* UsageRowView.swift */,
			);
			path = Views;
			sourceTree = "<group>";
		};
		A5000008 /* Utilities */ = {
			isa = PBXGroup;
			children = (
				A200000E /* Constants.swift */,
				A200000F /* DateHelper.swift */,
				A2000010 /* SettingsWindowController.swift */,
			);
			path = Utilities;
			sourceTree = "<group>";
		};
/* End PBXGroup section */

/* Begin PBXNativeTarget section */
		4790C6962F45945C0010F02E /* ZaiUsageTrackerUITests */ = {
			isa = PBXNativeTarget;
			buildConfigurationList = 4790C6A12F45945C0010F02E /* Build configuration list for PBXNativeTarget "ZaiUsageTrackerUITests" */;
			buildPhases = (
				4790C6932F45945C0010F02E /* Sources */,
				4790C6942F45945C0010F02E /* Frameworks */,
				4790C6952F45945C0010F02E /* Resources */,
			);
			buildRules = (
			);
			dependencies = (
				4790C69E2F45945C0010F02E /* PBXTargetDependency */,
			);
			fileSystemSynchronizedGroups = (
				4790C6982F45945C0010F02E /* ZaiUsageTrackerUITests */,
			);
			name = ZaiUsageTrackerUITests;
			packageProductDependencies = (
			);
			productName = ZaiUsageTrackerUITests;
			productReference = 4790C6972F45945C0010F02E /* ZaiUsageTrackerUITests.xctest */;
			productType = "com.apple.product-type.bundle.ui-testing";
		};
		A6000001 /* ZaiUsageTracker */ = {
			isa = PBXNativeTarget;
			buildConfigurationList = A8000001 /* Build configuration list for PBXNativeTarget "ZaiUsageTracker" */;
			buildPhases = (
				A7000001 /* Sources */,
				A4000001 /* Frameworks */,
			);
			buildRules = (
			);
			dependencies = (
			);
			name = ZaiUsageTracker;
			packageProductDependencies = (
				C2000001 /* MenuBarExtraAccess */,
			);
			productName = ZaiUsageTracker;
			productReference = A3000001 /* ZaiUsageTracker.app */;
			productType = "com.apple.product-type.application";
		};
/* End PBXNativeTarget section */

/* Begin PBXProject section */
		A9000001 /* Project object */ = {
			isa = PBXProject;
			attributes = {
				BuildIndependentTargetsInParallel = 1;
				LastSwiftUpdateCheck = 2620;
				LastUpgradeCheck = 1500;
				TargetAttributes = {
					4790C6962F45945C0010F02E = {
						CreatedOnToolsVersion = 26.2;
						TestTargetID = A6000001;
					};
					A6000001 = {
						CreatedOnToolsVersion = 15.0;
					};
				};
			};
			buildConfigurationList = A8000002 /* Build configuration list for PBXProject "ZaiUsageTracker" */;
			compatibilityVersion = "Xcode 14.0";
			developmentRegion = en;
			hasScannedForEncodings = 0;
			knownRegions = (
				en,
				Base,
			);
			mainGroup = A5000001;
			packageReferences = (
				C1000001 /* XCRemoteSwiftPackageReference "MenuBarExtraAccess" */,
			);
			productRefGroup = A5000003 /* Products */;
			projectDirPath = "";
			projectRoot = "";
			targets = (
				A6000001 /* ZaiUsageTracker */,
				4790C6962F45945C0010F02E /* ZaiUsageTrackerUITests */,
			);
		};
/* End PBXProject section */

/* Begin PBXResourcesBuildPhase section */
		4790C6952F45945C0010F02E /* Resources */ = {
			isa = PBXResourcesBuildPhase;
			buildActionMask = 2147483647;
			files = (
			);
			runOnlyForDeploymentPostprocessing = 0;
		};
/* End PBXResourcesBuildPhase section */

/* Begin PBXSourcesBuildPhase section */
		4790C6932F45945C0010F02E /* Sources */ = {
			isa = PBXSourcesBuildPhase;
			buildActionMask = 2147483647;
			files = (
			);
			runOnlyForDeploymentPostprocessing = 0;
		};
		A7000001 /* Sources */ = {
			isa = PBXSourcesBuildPhase;
			buildActionMask = 2147483647;
			files = (
				A1000001 /* ZaiUsageTrackerApp.swift in Sources */,
				A1000002 /* QuotaLimit.swift in Sources */,
				A1000003 /* ModelUsage.swift in Sources */,
				A1000004 /* ToolUsage.swift in Sources */,
				A1000005 /* UsageData.swift in Sources */,
				A1000006 /* ZaiAPIClient.swift in Sources */,
				A1000007 /* ZaiAPIClient+Fetch.swift in Sources */,
				A1000008 /* KeychainService.swift in Sources */,
				A1000009 /* UsageService.swift in Sources */,
				A100000A /* UsageViewModel.swift in Sources */,
				A100000B /* PopoverView.swift in Sources */,
				A100000C /* SettingsView.swift in Sources */,
				A100000D /* UsageRowView.swift in Sources */,
				A100000E /* Constants.swift in Sources */,
				4776BF732F41893E00D58C1B /* APIKeyStorage.swift in Sources */,
				4776BF742F41893E00D58C1B /* StorageService.swift in Sources */,
				4776BF752F41893E00D58C1B /* ConfigFileService.swift in Sources */,
				A100000F /* DateHelper.swift in Sources */,
				A1000010 /* SettingsWindowController.swift in Sources */,
			);
			runOnlyForDeploymentPostprocessing = 0;
		};
/* End PBXSourcesBuildPhase section */

/* Begin PBXTargetDependency section */
		4790C69E2F45945C0010F02E /* PBXTargetDependency */ = {
			isa = PBXTargetDependency;
			target = A6000001 /* ZaiUsageTracker */;
			targetProxy = 4790C69D2F45945C0010F02E /* PBXContainerItemProxy */;
		};
/* End PBXTargetDependency section */

/* Begin XCBuildConfiguration section */
		4790C69F2F45945C0010F02E /* Debug */ = {
			isa = XCBuildConfiguration;
			buildSettings = {
				CODE_SIGN_STYLE = Automatic;
				CURRENT_PROJECT_VERSION = 1;
				DEVELOPMENT_TEAM = AV3RNGUVHQ;
				GENERATE_INFOPLIST_FILE = YES;
				MACOSX_DEPLOYMENT_TARGET = 26.2;
				MARKETING_VERSION = 1.0;
				PRODUCT_BUNDLE_IDENTIFIER = me.issakov.ZaiUsageTrackerUITests;
				PRODUCT_NAME = "$(TARGET_NAME)";
				STRING_CATALOG_GENERATE_SYMBOLS = NO;
				SWIFT_APPROACHABLE_CONCURRENCY = YES;
				SWIFT_EMIT_LOC_STRINGS = NO;
				SWIFT_UPCOMING_FEATURE_MEMBER_IMPORT_VISIBILITY = YES;
				SWIFT_VERSION = 5.0;
				TEST_TARGET_NAME = ZaiUsageTracker;
			};
			name = Debug;
		};
		4790C6A02F45945C0010F02E /* Release */ = {
			isa = XCBuildConfiguration;
			buildSettings = {
				CODE_SIGN_STYLE = Automatic;
				CURRENT_PROJECT_VERSION = 1;
				DEVELOPMENT_TEAM = AV3RNGUVHQ;
				GENERATE_INFOPLIST_FILE = YES;
				MACOSX_DEPLOYMENT_TARGET = 26.2;
				MARKETING_VERSION = 1.0;
				PRODUCT_BUNDLE_IDENTIFIER = me.issakov.ZaiUsageTrackerUITests;
				PRODUCT_NAME = "$(TARGET_NAME)";
				STRING_CATALOG_GENERATE_SYMBOLS = NO;
				SWIFT_APPROACHABLE_CONCURRENCY = YES;
				SWIFT_EMIT_LOC_STRINGS = NO;
				SWIFT_UPCOMING_FEATURE_MEMBER_IMPORT_VISIBILITY = YES;
				SWIFT_VERSION = 5.0;
				TEST_TARGET_NAME = ZaiUsageTracker;
			};
			name = Release;
		};
		B1000001 /* Debug */ = {
			isa = XCBuildConfiguration;
			buildSettings = {
				ALWAYS_SEARCH_USER_PATHS = NO;
				ASSETCATALOG_COMPILER_GENERATE_SWIFT_ASSET_SYMBOL_EXTENSIONS = YES;
				CLANG_ANALYZER_NONNULL = YES;
				CLANG_ANALYZER_NUMBER_OBJECT_CONVERSION = YES_AGGRESSIVE;
				CLANG_CXX_LANGUAGE_STANDARD = "gnu++20";
				CLANG_ENABLE_MODULES = YES;
				CLANG_ENABLE_OBJC_ARC = YES;
				CLANG_ENABLE_OBJC_WEAK = YES;
				CLANG_WARN_BLOCK_CAPTURE_AUTORELEASING = YES;
				CLANG_WARN_BOOL_CONVERSION = YES;
				CLANG_WARN_COMMA = YES;
				CLANG_WARN_CONSTANT_CONVERSION = YES;
				CLANG_WARN_DEPRECATED_OBJC_IMPLEMENTATIONS = YES;
				CLANG_WARN_DIRECT_OBJC_ISA_USAGE = YES_ERROR;
				CLANG_WARN_DOCUMENTATION_COMMENTS = YES;
				CLANG_WARN_EMPTY_BODY = YES;
				CLANG_WARN_ENUM_CONVERSION = YES;
				CLANG_WARN_INFINITE_RECURSION = YES;
				CLANG_WARN_INT_CONVERSION = YES;
				CLANG_WARN_NON_LITERAL_NULL_CONVERSION = YES;
				CLANG_WARN_OBJC_IMPLICIT_RETAIN_SELF = YES;
				CLANG_WARN_OBJC_LITERAL_CONVERSION = YES;
				CLANG_WARN_OBJC_ROOT_CLASS = YES_ERROR;
				CLANG_WARN_QUOTED_INCLUDE_IN_FRAMEWORK_HEADER = YES;
				CLANG_WARN_RANGE_LOOP_ANALYSIS = YES;
				CLANG_WARN_STRICT_PROTOTYPES = YES;
				CLANG_WARN_SUSPICIOUS_MOVE = YES;
				CLANG_WARN_UNGUARDED_AVAILABILITY = YES_AGGRESSIVE;
				CLANG_WARN_UNREACHABLE_CODE = YES;
				CLANG_WARN__DUPLICATE_METHOD_MATCH = YES;
				COPY_PHASE_STRIP = NO;
				DEBUG_INFORMATION_FORMAT = dwarf;
				ENABLE_STRICT_OBJC_MSGSEND = YES;
				ENABLE_TESTABILITY = YES;
				ENABLE_USER_SCRIPT_SANDBOXING = YES;
				GCC_C_LANGUAGE_STANDARD = gnu17;
				GCC_DYNAMIC_NO_PIC = NO;
				GCC_NO_COMMON_BLOCKS = YES;
				GCC_OPTIMIZATION_LEVEL = 0;
				GCC_PREPROCESSOR_DEFINITIONS = (
					"DEBUG=1",
					"$(inherited)",
				);
				GCC_WARN_64_TO_32_BIT_CONVERSION = YES;
				GCC_WARN_ABOUT_RETURN_TYPE = YES_ERROR;
				GCC_WARN_UNDECLARED_SELECTOR = YES;
				GCC_WARN_UNINITIALIZED_AUTOS = YES_AGGRESSIVE;
				GCC_WARN_UNUSED_FUNCTION = YES;
				GCC_WARN_UNUSED_VARIABLE = YES;
				LOCALIZATION_PREFERS_STRING_CATALOGS = YES;
				MACOSX_DEPLOYMENT_TARGET = 14.0;
				MTL_ENABLE_DEBUG_INFO = INCLUDE_SOURCE;
				MTL_FAST_MATH = YES;
				ONLY_ACTIVE_ARCH = YES;
				SDKROOT = macosx;
				SWIFT_ACTIVE_COMPILATION_CONDITIONS = "DEBUG $(inherited)";
				SWIFT_OPTIMIZATION_LEVEL = "-Onone";
			};
			name = Debug;
		};
		B1000002 /* Release */ = {
			isa = XCBuildConfiguration;
			buildSettings = {
				ALWAYS_SEARCH_USER_PATHS = NO;
				ASSETCATALOG_COMPILER_GENERATE_SWIFT_ASSET_SYMBOL_EXTENSIONS = YES;
				CLANG_ANALYZER_NONNULL = YES;
				CLANG_ANALYZER_NUMBER_OBJECT_CONVERSION = YES_AGGRESSIVE;
				CLANG_CXX_LANGUAGE_STANDARD = "gnu++20";
				CLANG_ENABLE_MODULES = YES;
				CLANG_ENABLE_OBJC_ARC = YES;
				CLANG_ENABLE_OBJC_WEAK = YES;
				CLANG_WARN_BLOCK_CAPTURE_AUTORELEASING = YES;
				CLANG_WARN_BOOL_CONVERSION = YES;
				CLANG_WARN_COMMA = YES;
				CLANG_WARN_CONSTANT_CONVERSION = YES;
				CLANG_WARN_DEPRECATED_OBJC_IMPLEMENTATIONS = YES;
				CLANG_WARN_DIRECT_OBJC_ISA_USAGE = YES_ERROR;
				CLANG_WARN_DOCUMENTATION_COMMENTS = YES;
				CLANG_WARN_EMPTY_BODY = YES;
				CLANG_WARN_ENUM_CONVERSION = YES;
				CLANG_WARN_INFINITE_RECURSION = YES;
				CLANG_WARN_INT_CONVERSION = YES;
				CLANG_WARN_NON_LITERAL_NULL_CONVERSION = YES;
				CLANG_WARN_OBJC_IMPLICIT_RETAIN_SELF = YES;
				CLANG_WARN_OBJC_LITERAL_CONVERSION = YES;
				CLANG_WARN_OBJC_ROOT_CLASS = YES_ERROR;
				CLANG_WARN_QUOTED_INCLUDE_IN_FRAMEWORK_HEADER = YES;
				CLANG_WARN_RANGE_LOOP_ANALYSIS = YES;
				CLANG_WARN_STRICT_PROTOTYPES = YES;
				CLANG_WARN_SUSPICIOUS_MOVE = YES;
				CLANG_WARN_UNGUARDED_AVAILABILITY = YES_AGGRESSIVE;
				CLANG_WARN_UNREACHABLE_CODE = YES;
				CLANG_WARN__DUPLICATE_METHOD_MATCH = YES;
				COPY_PHASE_STRIP = NO;
				DEBUG_INFORMATION_FORMAT = "dwarf-with-dsym";
				ENABLE_NS_ASSERTIONS = NO;
				ENABLE_STRICT_OBJC_MSGSEND = YES;
				ENABLE_USER_SCRIPT_SANDBOXING = YES;
				GCC_C_LANGUAGE_STANDARD = gnu17;
				GCC_NO_COMMON_BLOCKS = YES;
				GCC_WARN_64_TO_32_BIT_CONVERSION = YES;
				GCC_WARN_ABOUT_RETURN_TYPE = YES_ERROR;
				GCC_WARN_UNDECLARED_SELECTOR = YES;
				GCC_WARN_UNINITIALIZED_AUTOS = YES_AGGRESSIVE;
				GCC_WARN_UNUSED_FUNCTION = YES;
				GCC_WARN_UNUSED_VARIABLE = YES;
				LOCALIZATION_PREFERS_STRING_CATALOGS = YES;
				MACOSX_DEPLOYMENT_TARGET = 14.0;
				MTL_ENABLE_DEBUG_INFO = NO;
				MTL_FAST_MATH = YES;
				SDKROOT = macosx;
				SWIFT_COMPILATION_MODE = wholemodule;
			};
			name = Release;
		};
		B2000001 /* Debug */ = {
			isa = XCBuildConfiguration;
			buildSettings = {
				ASSETCATALOG_COMPILER_APPICON_NAME = AppIcon;
				ASSETCATALOG_COMPILER_GLOBAL_ACCENT_COLOR_NAME = AccentColor;
				CODE_SIGN_ENTITLEMENTS = "";
				"CODE_SIGN_IDENTITY[sdk=macosx*]" = "Developer ID Application";
				CODE_SIGN_STYLE = Manual;
				COMBINE_HIDPI_IMAGES = YES;
				CURRENT_PROJECT_VERSION = 1;
				DEVELOPMENT_ASSET_PATHS = "";
				DEVELOPMENT_TEAM = "";
				"DEVELOPMENT_TEAM[sdk=macosx*]" = AV3RNGUVHQ;
				ENABLE_HARDENED_RUNTIME = YES;
				ENABLE_PREVIEWS = YES;
				GENERATE_INFOPLIST_FILE = YES;
				INFOPLIST_FILE = ZaiUsageTracker/Info.plist;
				INFOPLIST_KEY_LSApplicationCategoryType = "public.app-category.utilities";
				INFOPLIST_KEY_LSUIElement = YES;
				INFOPLIST_KEY_NSHumanReadableCopyright = "";
				INFOPLIST_KEY_NSPrincipalClass = NSApplication;
				LD_RUNPATH_SEARCH_PATHS = (
					"$(inherited)",
					"@executable_path/../Frameworks",
				);
				MARKETING_VERSION = 1.0;
				PRODUCT_BUNDLE_IDENTIFIER = com.zaiusagetracker;
				PRODUCT_NAME = "$(TARGET_NAME)";
				PROVISIONING_PROFILE_SPECIFIER = "";
				SWIFT_EMIT_LOC_STRINGS = YES;
				SWIFT_VERSION = 5.0;
			};
			name = Debug;
		};
		B2000002 /* Release */ = {
			isa = XCBuildConfiguration;
			buildSettings = {
				ASSETCATALOG_COMPILER_APPICON_NAME = AppIcon;
				ASSETCATALOG_COMPILER_GLOBAL_ACCENT_COLOR_NAME = AccentColor;
				AUTOMATION_APPLE_EVENTS = NO;
				CODE_SIGN_ENTITLEMENTS = "";
				"CODE_SIGN_IDENTITY[sdk=macosx*]" = "Developer ID Application";
				CODE_SIGN_STYLE = Manual;
				COMBINE_HIDPI_IMAGES = YES;
				CURRENT_PROJECT_VERSION = 1;
				DEVELOPMENT_ASSET_PATHS = "";
				DEVELOPMENT_TEAM = "";
				"DEVELOPMENT_TEAM[sdk=macosx*]" = AV3RNGUVHQ;
				ENABLE_HARDENED_RUNTIME = YES;
				ENABLE_PREVIEWS = YES;
				ENABLE_RESOURCE_ACCESS_AUDIO_INPUT = NO;
				ENABLE_RESOURCE_ACCESS_CALENDARS = NO;
				ENABLE_RESOURCE_ACCESS_CAMERA = NO;
				ENABLE_RESOURCE_ACCESS_CONTACTS = NO;
				ENABLE_RESOURCE_ACCESS_LOCATION = NO;
				ENABLE_RESOURCE_ACCESS_PHOTO_LIBRARY = NO;
				GENERATE_INFOPLIST_FILE = YES;
				INFOPLIST_FILE = ZaiUsageTracker/Info.plist;
				INFOPLIST_KEY_LSApplicationCategoryType = "public.app-category.utilities";
				INFOPLIST_KEY_LSUIElement = YES;
				INFOPLIST_KEY_NSHumanReadableCopyright = "";
				INFOPLIST_KEY_NSPrincipalClass = NSApplication;
				LD_RUNPATH_SEARCH_PATHS = (
					"$(inherited)",
					"@executable_path/../Frameworks",
				);
				MARKETING_VERSION = 1.0;
				PRODUCT_BUNDLE_IDENTIFIER = com.zaiusagetracker;
				PRODUCT_NAME = "$(TARGET_NAME)";
				PROVISIONING_PROFILE_SPECIFIER = "";
				RUNTIME_EXCEPTION_ALLOW_DYLD_ENVIRONMENT_VARIABLES = NO;
				RUNTIME_EXCEPTION_ALLOW_JIT = NO;
				RUNTIME_EXCEPTION_ALLOW_UNSIGNED_EXECUTABLE_MEMORY = NO;
				RUNTIME_EXCEPTION_DEBUGGING_TOOL = NO;
				RUNTIME_EXCEPTION_DISABLE_EXECUTABLE_PAGE_PROTECTION = NO;
				RUNTIME_EXCEPTION_DISABLE_LIBRARY_VALIDATION = NO;
				SWIFT_EMIT_LOC_STRINGS = YES;
				SWIFT_VERSION = 5.0;
			};
			name = Release;
		};
/* End XCBuildConfiguration section */

/* Begin XCConfigurationList section */
		4790C6A12F45945C0010F02E /* Build configuration list for PBXNativeTarget "ZaiUsageTrackerUITests" */ = {
			isa = XCConfigurationList;
			buildConfigurations = (
				4790C69F2F45945C0010F02E /* Debug */,
				4790C6A02F45945C0010F02E /* Release */,
			);
			defaultConfigurationIsVisible = 0;
			defaultConfigurationName = Release;
		};
		A8000001 /* Build configuration list for PBXNativeTarget "ZaiUsageTracker" */ = {
			isa = XCConfigurationList;
			buildConfigurations = (
				B2000001 /* Debug */,
				B2000002 /* Release */,
			);
			defaultConfigurationIsVisible = 0;
			defaultConfigurationName = Release;
		};
		A8000002 /* Build configuration list for PBXProject "ZaiUsageTracker" */ = {
			isa = XCConfigurationList;
			buildConfigurations = (
				B1000001 /* Debug */,
				B1000002 /* Release */,
			);
			defaultConfigurationIsVisible = 0;
			defaultConfigurationName = Release;
		};
/* End XCConfigurationList section */

/* Begin XCRemoteSwiftPackageReference section */
		C1000001 /* XCRemoteSwiftPackageReference "MenuBarExtraAccess" */ = {
			isa = XCRemoteSwiftPackageReference;
			repositoryURL = "https://github.com/orchetect/MenuBarExtraAccess";
			requirement = {
				kind = upToNextMajorVersion;
				minimumVersion = 1.2.0;
			};
		};
/* End XCRemoteSwiftPackageReference section */

/* Begin XCSwiftPackageProductDependency section */
		C2000001 /* MenuBarExtraAccess */ = {
			isa = XCSwiftPackageProductDependency;
			package = C1000001 /* XCRemoteSwiftPackageReference "MenuBarExtraAccess" */;
			productName = MenuBarExtraAccess;
		};
/* End XCSwiftPackageProductDependency section */
	};
	rootObject = A9000001 /* Project object */;
}
